// !$*UTF8*$!
{
	archiveVersion = 1;
	classes = {
	};
	objectVersion = 50;
	objects = {

/* Begin PBXBuildFile section */
		F114AB4321443592004D4ABE /* AppDelegate.swift in Sources */ = {isa = PBXBuildFile; fileRef = F114AB4221443592004D4ABE /* AppDelegate.swift */; };
		F114AB4521443592004D4ABE /* ViewController.swift in Sources */ = {isa = PBXBuildFile; fileRef = F114AB4421443592004D4ABE /* ViewController.swift */; };
		F114AB4821443592004D4ABE /* Main.storyboard in Resources */ = {isa = PBXBuildFile; fileRef = F114AB4621443592004D4ABE /* Main.storyboard */; };
		F114AB4A21443593004D4ABE /* Assets.xcassets in Resources */ = {isa = PBXBuildFile; fileRef = F114AB4921443593004D4ABE /* Assets.xcassets */; };
		F114AB4D21443593004D4ABE /* LaunchScreen.storyboard in Resources */ = {isa = PBXBuildFile; fileRef = F114AB4B21443593004D4ABE /* LaunchScreen.storyboard */; };
		F14E2B0021443E6B0069DE8E /* UIButton+Extension.swift in Sources */ = {isa = PBXBuildFile; fileRef = F14E2AFF21443E6B0069DE8E /* UIButton+Extension.swift */; };
/* End PBXBuildFile section */

/* Begin PBXFileReference section */
		F114AB3F21443592004D4ABE /* MKButton.app */ = {isa = PBXFileReference; explicitFileType = wrapper.application; includeInIndex = 0; path = MKButton.app; sourceTree = BUILT_PRODUCTS_DIR; };
		F114AB4221443592004D4ABE /* AppDelegate.swift */ = {isa = PBXFileReference; lastKnownFileType = sourcecode.swift; path = AppDelegate.swift; sourceTree = "<group>"; };
		F114AB4421443592004D4ABE /* ViewController.swift */ = {isa = PBXFileReference; lastKnownFileType = sourcecode.swift; path = ViewController.swift; sourceTree = "<group>"; };
		F114AB4721443592004D4ABE /* Base */ = {isa = PBXFileReference; lastKnownFileType = file.storyboard; name = Base; path = Base.lproj/Main.storyboard; sourceTree = "<group>"; };
		F114AB4921443593004D4ABE /* Assets.xcassets */ = {isa = PBXFileReference; lastKnownFileType = folder.assetcatalog; path = Assets.xcassets; sourceTree = "<group>"; };
		F114AB4C21443593004D4ABE /* Base */ = {isa = PBXFileReference; lastKnownFileType = file.storyboard; name = Base; path = Base.lproj/LaunchScreen.storyboard; sourceTree = "<group>"; };
		F114AB4E21443593004D4ABE /* Info.plist */ = {isa = PBXFileReference; lastKnownFileType = text.plist.xml; path = Info.plist; sourceTree = "<group>"; };
		F14E2AFF21443E6B0069DE8E /* UIButton+Extension.swift */ = {isa = PBXFileReference; lastKnownFileType = sourcecode.swift; path = "UIButton+Extension.swift"; sourceTree = "<group>"; };
/* End PBXFileReference section */

/* Begin PBXFrameworksBuildPhase section */
		F114AB3C21443592004D4ABE /* Frameworks */ = {
			isa = PBXFrameworksBuildPhase;
			buildActionMask = 2147483647;
			files = (
			);
			runOnlyForDeploymentPostprocessing = 0;
		};
/* End PBXFrameworksBuildPhase section */

/* Begin PBXGroup section */
		F114AB3621443592004D4ABE = {
			isa = PBXGroup;
			children = (
				F114AB4121443592004D4ABE /* MKButton */,
				F114AB4021443592004D4ABE /* Products */,
			);
			sourceTree = "<group>";
		};
		F114AB4021443592004D4ABE /* Products */ = {
			isa = PBXGroup;
			children = (
				F114AB3F21443592004D4ABE /* MKButton.app */,
			);
			name = Products;
			sourceTree = "<group>";
		};
		F114AB4121443592004D4ABE /* MKButton */ = {
			isa = PBXGroup;
			children = (
				F114AB54214435A3004D4ABE /* MKButton */,
				F114AB4221443592004D4ABE /* AppDelegate.swift */,
				F114AB4421443592004D4ABE /* ViewController.swift */,
				F114AB4621443592004D4ABE /* Main.storyboard */,
				F114AB4921443593004D4ABE /* Assets.xcassets */,
				F114AB4B21443593004D4ABE /* LaunchScreen.storyboard */,
				F114AB4E21443593004D4ABE /* Info.plist */,
			);
			path = MKButton;
			sourceTree = "<group>";
		};
		F114AB54214435A3004D4ABE /* MKButton */ = {
			isa = PBXGroup;
			children = (
				F14E2AFF21443E6B0069DE8E /* UIButton+Extension.swift */,
			);
			name = MKButton;
			path = ../../../MKButton;
			sourceTree = "<group>";
		};
/* End PBXGroup section */

/* Begin PBXNativeTarget section */
		F114AB3E21443592004D4ABE /* MKButton */ = {
			isa = PBXNativeTarget;
			buildConfigurationList = F114AB5121443593004D4ABE /* Build configuration list for PBXNativeTarget "MKButton" */;
			buildPhases = (
				F114AB3B21443592004D4ABE /* Sources */,
				F114AB3C21443592004D4ABE /* Frameworks */,
				F114AB3D21443592004D4ABE /* Resources */,
			);
			buildRules = (
			);
			dependencies = (
			);
			name = MKButton;
			productName = MKButton;
			productReference = F114AB3F21443592004D4ABE /* MKButton.app */;
			productType = "com.apple.product-type.application";
		};
/* End PBXNativeTarget section */

/* Begin PBXProject section */
		F114AB3721443592004D4ABE /* Project object */ = {
			isa = PBXProject;
			attributes = {
				LastSwiftUpdateCheck = 0940;
				LastUpgradeCheck = 0940;
				ORGANIZATIONNAME = Sargis;
				TargetAttributes = {
					F114AB3E21443592004D4ABE = {
						CreatedOnToolsVersion = 9.4.1;
					};
				};
			};
			buildConfigurationList = F114AB3A21443592004D4ABE /* Build configuration list for PBXProject "MKButton" */;
			compatibilityVersion = "Xcode 9.3";
			developmentRegion = en;
			hasScannedForEncodings = 0;
			knownRegions = (
				en,
				Base,
			);
			mainGroup = F114AB3621443592004D4ABE;
			productRefGroup = F114AB4021443592004D4ABE /* Products */;
			projectDirPath = "";
			projectRoot = "";
			targets = (
				F114AB3E21443592004D4ABE /* MKButton */,
			);
		};
/* End PBXProject section */

/* Begin PBXResourcesBuildPhase section */
		F114AB3D21443592004D4ABE /* Resources */ = {
			isa = PBXResourcesBuildPhase;
			buildActionMask = 2147483647;
			files = (
				F114AB4D21443593004D4ABE /* LaunchScreen.storyboard in Resources */,
				F114AB4A21443593004D4ABE /* Assets.xcassets in Resources */,
				F114AB4821443592004D4ABE /* Main.storyboard in Resources */,
			);
			runOnlyForDeploymentPostprocessing = 0;
		};
/* End PBXResourcesBuildPhase section */

/* Begin PBXSourcesBuildPhase section */
		F114AB3B21443592004D4ABE /* Sources */ = {
			isa = PBXSourcesBuildPhase;
			buildActionMask = 2147483647;
			files = (
				F114AB4521443592004D4ABE /* ViewController.swift in Sources */,
				F114AB4321443592004D4ABE /* AppDelegate.swift in Sources */,
				F14E2B0021443E6B0069DE8E /* UIButton+Extension.swift in Sources */,
			);
			runOnlyForDeploymentPostprocessing = 0;
		};
/* End PBXSourcesBuildPhase section */

/* Begin PBXVariantGroup section */
		F114AB4621443592004D4ABE /* Main.storyboard */ = {
			isa = PBXVariantGroup;
			children = (
				F114AB4721443592004D4ABE /* Base */,
			);
			name = Main.storyboard;
			sourceTree = "<group>";
		};
		F114AB4B21443593004D4ABE /* LaunchScreen.storyboard */ = {
			isa = PBXVariantGroup;
			children = (
				F114AB4C21443593004D4ABE /* Base */,
			);
			name = LaunchScreen.storyboard;
			sourceTree = "<group>";
		};
/* End PBXVariantGroup section */

/* Begin XCBuildConfiguration section */
		F114AB4F21443593004D4ABE /* Debug */ = {
			isa = XCBuildConfiguration;
			buildSettings = {
				ALWAYS_SEARCH_USER_PATHS = NO;
				CLANG_ANALYZER_NONNULL = YES;
				CLANG_ANALYZER_NUMBER_OBJECT_CONVERSION = YES_AGGRESSIVE;
				CLANG_CXX_LANGUAGE_STANDARD = "gnu++14";
				CLANG_CXX_LIBRARY = "libc++";
				CLANG_ENABLE_MODULES = YES;
				CLANG_ENABLE_OBJC_ARC = YES;
				CLANG_ENABLE_OBJC_WEAK = YES;
				CLANG_WARN_BLOCK_CAPTURE_AUTORELEASING = YES;
				CLANG_WARN_BOOL_CONVERSION = YES;
				CLANG_WARN_COMMA = YES;
				CLANG_WARN_CONSTANT_CONVERSION = YES;
				CLANG_WARN_DEPRECATED_OBJC_IMPLEMENTATIONS = YES;
				CLANG_WARN_DIRECT_OBJC_ISA_USAGE = YES_ERROR;
				CLANG_WARN_DOCUMENTATION_COMMENTS = YES;
				CLANG_WARN_EMPTY_BODY = YES;
				CLANG_WARN_ENUM_CONVERSION = YES;
				CLANG_WARN_INFINITE_RECURSION = YES;
				CLANG_WARN_INT_CONVERSION = YES;
				CLANG_WARN_NON_LITERAL_NULL_CONVERSION = YES;
				CLANG_WARN_OBJC_IMPLICIT_RETAIN_SELF = YES;
				CLANG_WARN_OBJC_LITERAL_CONVERSION = YES;
				CLANG_WARN_OBJC_ROOT_CLASS = YES_ERROR;
				CLANG_WARN_RANGE_LOOP_ANALYSIS = YES;
				CLANG_WARN_STRICT_PROTOTYPES = YES;
				CLANG_WARN_SUSPICIOUS_MOVE = YES;
				CLANG_WARN_UNGUARDED_AVAILABILITY = YES_AGGRESSIVE;
				CLANG_WARN_UNREACHABLE_CODE = YES;
				CLANG_WARN__DUPLICATE_METHOD_MATCH = YES;
				CODE_SIGN_IDENTITY = "iPhone Developer";
				COPY_PHASE_STRIP = NO;
				DEBUG_INFORMATION_FORMAT = dwarf;
				ENABLE_STRICT_OBJC_MSGSEND = YES;
				ENABLE_TESTABILITY = YES;
				GCC_C_LANGUAGE_STANDARD = gnu11;
				GCC_DYNAMIC_NO_PIC = NO;
				GCC_NO_COMMON_BLOCKS = YES;
				GCC_OPTIMIZATION_LEVEL = 0;
				GCC_PREPROCESSOR_DEFINITIONS = (
					"DEBUG=1",
					"$(inherited)",
				);
				GCC_WARN_64_TO_32_BIT_CONVERSION = YES;
				GCC_WARN_ABOUT_RETURN_TYPE = YES_ERROR;
				GCC_WARN_UNDECLARED_SELECTOR = YES;
				GCC_WARN_UNINITIALIZED_AUTOS = YES_AGGRESSIVE;
				GCC_WARN_UNUSED_FUNCTION = YES;
				GCC_WARN_UNUSED_VARIABLE = YES;
				IPHONEOS_DEPLOYMENT_TARGET = 11.4;
				MTL_ENABLE_DEBUG_INFO = YES;
				ONLY_ACTIVE_ARCH = YES;
				SDKROOT = iphoneos;
				SWIFT_ACTIVE_COMPILATION_CONDITIONS = DEBUG;
				SWIFT_OPTIMIZATION_LEVEL = "-Onone";
			};
			name = Debug;
		};
		F114AB5021443593004D4ABE /* Release */ = {
			isa = XCBuildConfiguration;
			buildSettings = {
				ALWAYS_SEARCH_USER_PATHS = NO;
				CLANG_ANALYZER_NONNULL = YES;
				CLANG_ANALYZER_NUMBER_OBJECT_CONVERSION = YES_AGGRESSIVE;
				CLANG_CXX_LANGUAGE_STANDARD = "gnu++14";
				CLANG_CXX_LIBRARY = "libc++";
				CLANG_ENABLE_MODULES = YES;
				CLANG_ENABLE_OBJC_ARC = YES;
				CLANG_ENABLE_OBJC_WEAK = YES;
				CLANG_WARN_BLOCK_CAPTURE_AUTORELEASING = YES;
				CLANG_WARN_BOOL_CONVERSION = YES;
				CLANG_WARN_COMMA = YES;
				CLANG_WARN_CONSTANT_CONVERSION = YES;
				CLANG_WARN_DEPRECATED_OBJC_IMPLEMENTATIONS = YES;
				CLANG_WARN_DIRECT_OBJC_ISA_USAGE = YES_ERROR;
				CLANG_WARN_DOCUMENTATION_COMMENTS = YES;
				CLANG_WARN_EMPTY_BODY = YES;
				CLANG_WARN_ENUM_CONVERSION = YES;
				CLANG_WARN_INFINITE_RECURSION = YES;
				CLANG_WARN_INT_CONVERSION = YES;
				CLANG_WARN_NON_LITERAL_NULL_CONVERSION = YES;
				CLANG_WARN_OBJC_IMPLICIT_RETAIN_SELF = YES;
				CLANG_WARN_OBJC_LITERAL_CONVERSION = YES;
				CLANG_WARN_OBJC_ROOT_CLASS = YES_ERROR;
				CLANG_WARN_RANGE_LOOP_ANALYSIS = YES;
				CLANG_WARN_STRICT_PROTOTYPES = YES;
				CLANG_WARN_SUSPICIOUS_MOVE = YES;
				CLANG_WARN_UNGUARDED_AVAILABILITY = YES_AGGRESSIVE;
				CLANG_WARN_UNREACHABLE_CODE = YES;
				CLANG_WARN__DUPLICATE_METHOD_MATCH = YES;
				CODE_SIGN_IDENTITY = "iPhone Developer";
				COPY_PHASE_STRIP = NO;
				DEBUG_INFORMATION_FORMAT = "dwarf-with-dsym";
				ENABLE_NS_ASSERTIONS = NO;
				ENABLE_STRICT_OBJC_MSGSEND = YES;
				GCC_C_LANGUAGE_STANDARD = gnu11;
				GCC_NO_COMMON_BLOCKS = YES;
				GCC_WARN_64_TO_32_BIT_CONVERSION = YES;
				GCC_WARN_ABOUT_RETURN_TYPE = YES_ERROR;
				GCC_WARN_UNDECLARED_SELECTOR = YES;
				GCC_WARN_UNINITIALIZED_AUTOS = YES_AGGRESSIVE;
				GCC_WARN_UNUSED_FUNCTION = YES;
				GCC_WARN_UNUSED_VARIABLE = YES;
				IPHONEOS_DEPLOYMENT_TARGET = 11.4;
				MTL_ENABLE_DEBUG_INFO = NO;
				SDKROOT = iphoneos;
				SWIFT_COMPILATION_MODE = wholemodule;
				SWIFT_OPTIMIZATION_LEVEL = "-O";
				VALIDATE_PRODUCT = YES;
			};
			name = Release;
		};
		F114AB5221443593004D4ABE /* Debug */ = {
			isa = XCBuildConfiguration;
			buildSettings = {
				ASSETCATALOG_COMPILER_APPICON_NAME = AppIcon;
				CODE_SIGN_STYLE = Automatic;
				DEVELOPMENT_TEAM = YZRGPNYSUR;
				INFOPLIST_FILE = MKButton/Info.plist;
				IPHONEOS_DEPLOYMENT_TARGET = 11.0;
				LD_RUNPATH_SEARCH_PATHS = (
					"$(inherited)",
					"@executable_path/Frameworks",
				);
				PRODUCT_BUNDLE_IDENTIFIER = com.sargis.MKButton;
				PRODUCT_NAME = "$(TARGET_NAME)";
				SWIFT_VERSION = 4.0;
				TARGETED_DEVICE_FAMILY = "1,2";
			};
			name = Debug;
		};
		F114AB5321443593004D4ABE /* Release */ = {
			isa = XCBuildConfiguration;
			buildSettings = {
				ASSETCATALOG_COMPILER_APPICON_NAME = AppIcon;
				CODE_SIGN_STYLE = Automatic;
				DEVELOPMENT_TEAM = YZRGPNYSUR;
				INFOPLIST_FILE = MKButton/Info.plist;
				IPHONEOS_DEPLOYMENT_TARGET = 11.0;
				LD_RUNPATH_SEARCH_PATHS = (
					"$(inherited)",
					"@executable_path/Frameworks",
				);
				PRODUCT_BUNDLE_IDENTIFIER = com.sargis.MKButton;
				PRODUCT_NAME = "$(TARGET_NAME)";
				SWIFT_VERSION = 4.0;
				TARGETED_DEVICE_FAMILY = "1,2";
			};
			name = Release;
		};
/* End XCBuildConfiguration section */

/* Begin XCConfigurationList section */
		F114AB3A21443592004D4ABE /* Build configuration list for PBXProject "MKButton" */ = {
			isa = XCConfigurationList;
			buildConfigurations = (
				F114AB4F21443593004D4ABE /* Debug */,
				F114AB5021443593004D4ABE /* Release */,
			);
			defaultConfigurationIsVisible = 0;
			defaultConfigurationName = Release;
		};
		F114AB5121443593004D4ABE /* Build configuration list for PBXNativeTarget "MKButton" */ = {
			isa = XCConfigurationList;
			buildConfigurations = (
				F114AB5221443593004D4ABE /* Debug */,
				F114AB5321443593004D4ABE /* Release */,
			);
			defaultConfigurationIsVisible = 0;
			defaultConfigurationName = Release;
		};
/* End XCConfigurationList section */
	};
	rootObject = F114AB3721443592004D4ABE /* Project object */;
}
